
Microsoft Visual Studio Solution File, Format Version 12.00
# Visual Studio Version 17
VisualStudioVersion = 17.14.36429.23
MinimumVisualStudioVersion = 10.0.40219.1
Project("{9A19103F-16F7-4668-BE54-9A1E7A4F7556}") = "TextAdventure", "TextAdventure\TextAdventure.csproj", "{774EFD91-660D-4107-B176-3EBB619C4538}"
EndProject
Project("{9A19103F-16F7-4668-BE54-9A1E7A4F7556}") = "UnitTests", "UnitTests\UnitTests.csproj", "{1DB8764E-5AD3-42B9-B022-DA27F94B699E}"
EndProject
Project("{9A19103F-16F7-4668-BE54-9A1E7A4F7556}") = "BehaviorDrivenTesting", "BehaviorDrivenTesting\BehaviorDrivenTesting.csproj", "{6E872A43-BB27-4F74-989F-0993450969A9}"
EndProject
Project("{FAE04EC0-301F-11D3-BF4B-00C04F79EFBC}") = "TextAdventure.Test.Intergration", "TextAdventure.Test.Intergration\TextAdventure.Test.Intergration.csproj", "{E46B811D-399B-4B41-8EBE-EA51C7A4E9CC}"
EndProject
Global
	GlobalSection(SolutionConfigurationPlatforms) = preSolution
		Debug|Any CPU = Debug|Any CPU
		Release|Any CPU = Release|Any CPU
	EndGlobalSection
	GlobalSection(ProjectConfigurationPlatforms) = postSolution
		{774EFD91-660D-4107-B176-3EBB619C4538}.Debug|Any CPU.ActiveCfg = Debug|Any CPU
		{774EFD91-660D-4107-B176-3EBB619C4538}.Debug|Any CPU.Build.0 = Debug|Any CPU
		{774EFD91-660D-4107-B176-3EBB619C4538}.Release|Any CPU.ActiveCfg = Release|Any CPU
		{774EFD91-660D-4107-B176-3EBB619C4538}.Release|Any CPU.Build.0 = Release|Any CPU
		{1DB8764E-5AD3-42B9-B022-DA27F94B699E}.Debug|Any CPU.ActiveCfg = Debug|Any CPU
		{1DB8764E-5AD3-42B9-B022-DA27F94B699E}.Debug|Any CPU.Build.0 = Debug|Any CPU
		{1DB8764E-5AD3-42B9-B022-DA27F94B699E}.Release|Any CPU.ActiveCfg = Release|Any CPU
		{1DB8764E-5AD3-42B9-B022-DA27F94B699E}.Release|Any CPU.Build.0 = Release|Any CPU
		{6E872A43-BB27-4F74-989F-0993450969A9}.Debug|Any CPU.ActiveCfg = Debug|Any CPU
		{6E872A43-BB27-4F74-989F-0993450969A9}.Debug|Any CPU.Build.0 = Debug|Any CPU
		{6E872A43-BB27-4F74-989F-0993450969A9}.Release|Any CPU.ActiveCfg = Release|Any CPU
		{6E872A43-BB27-4F74-989F-0993450969A9}.Release|Any CPU.Build.0 = Release|Any CPU
		{E46B811D-399B-4B41-8EBE-EA51C7A4E9CC}.Debug|Any CPU.ActiveCfg = Debug|Any CPU
		{E46B811D-399B-4B41-8EBE-EA51C7A4E9CC}.Debug|Any CPU.Build.0 = Debug|Any CPU
		{E46B811D-399B-4B41-8EBE-EA51C7A4E9CC}.Release|Any CPU.ActiveCfg = Release|Any CPU
		{E46B811D-399B-4B41-8EBE-EA51C7A4E9CC}.Release|Any CPU.Build.0 = Release|Any CPU
	EndGlobalSection
	GlobalSection(SolutionProperties) = preSolution
		HideSolutionNode = FALSE
	EndGlobalSection
	GlobalSection(ExtensibilityGlobals) = postSolution
		SolutionGuid = {D2FA9872-F385-4477-BB30-E627472E5657}
	EndGlobalSection
EndGlobal
